// !$*UTF8*$!
{
	archiveVersion = 1;
	classes = {
	};
	objectVersion = 48;
	objects = {

/* Begin PBXBuildFile section */
		2A1A5A592560279E007F563A /* DataFile.h in Headers */ = {isa = PBXBuildFile; fileRef = 2A1A5A572560279E007F563A /* DataFile.h */; };
		2A1A5A5A2560279E007F563A /* DataFile.m in Sources */ = {isa = PBXBuildFile; fileRef = 2A1A5A582560279E007F563A /* DataFile.m */; };
		2A8D7CD5255E6D7B000DB3EB /* Bitcask.framework in Frameworks */ = {isa = PBXBuildFile; fileRef = 2A8D7CCB255E6D7B000DB3EB /* Bitcask.framework */; };
		2A8D7CDA255E6D7B000DB3EB /* BitcaskTests.m in Sources */ = {isa = PBXBuildFile; fileRef = 2A8D7CD9255E6D7B000DB3EB /* BitcaskTests.m */; };
		2A8D7CDC255E6D7B000DB3EB /* Bitcask.h in Headers */ = {isa = PBXBuildFile; fileRef = 2A8D7CCE255E6D7B000DB3EB /* Bitcask.h */; settings = {ATTRIBUTES = (Public, ); }; };
		2A8D7CE7255E6DC2000DB3EB /* BitcaskDB.h in Headers */ = {isa = PBXBuildFile; fileRef = 2A8D7CE5255E6DC2000DB3EB /* BitcaskDB.h */; settings = {ATTRIBUTES = (Public, ); }; };
		2A8D7CE8255E6DC2000DB3EB /* BitcaskDB.m in Sources */ = {isa = PBXBuildFile; fileRef = 2A8D7CE6255E6DC2000DB3EB /* BitcaskDB.m */; };
		2AF7DEBF2560D796007064B7 /* CRC32Data.h in Headers */ = {isa = PBXBuildFile; fileRef = 2AF7DEBD2560D795007064B7 /* CRC32Data.h */; };
		2AF7DEC02560D796007064B7 /* CRC32Data.m in Sources */ = {isa = PBXBuildFile; fileRef = 2AF7DEBE2560D796007064B7 /* CRC32Data.m */; };
		2AF7DEC32560DAFA007064B7 /* Bucket.h in Headers */ = {isa = PBXBuildFile; fileRef = 2AF7DEC12560DAFA007064B7 /* Bucket.h */; };
		2AF7DEC42560DAFA007064B7 /* Bucket.m in Sources */ = {isa = PBXBuildFile; fileRef = 2AF7DEC22560DAFA007064B7 /* Bucket.m */; };
		2AF7DECC2560DFCE007064B7 /* BitcaskDB_Private.h in Headers */ = {isa = PBXBuildFile; fileRef = 2AF7DECB2560DFCE007064B7 /* BitcaskDB_Private.h */; };
/* End PBXBuildFile section */

/* Begin PBXContainerItemProxy section */
		2A8D7CD6255E6D7B000DB3EB /* PBXContainerItemProxy */ = {
			isa = PBXContainerItemProxy;
			containerPortal = 2A8D7CC2255E6D7B000DB3EB /* Project object */;
			proxyType = 1;
			remoteGlobalIDString = 2A8D7CCA255E6D7B000DB3EB;
			remoteInfo = Bitcask;
		};
/* End PBXContainerItemProxy section */

/* Begin PBXFileReference section */
		2A1A5A572560279E007F563A /* DataFile.h */ = {isa = PBXFileReference; lastKnownFileType = sourcecode.c.h; path = DataFile.h; sourceTree = "<group>"; };
		2A1A5A582560279E007F563A /* DataFile.m */ = {isa = PBXFileReference; lastKnownFileType = sourcecode.c.objc; path = DataFile.m; sourceTree = "<group>"; };
		2A8D7CCB255E6D7B000DB3EB /* Bitcask.framework */ = {isa = PBXFileReference; explicitFileType = wrapper.framework; includeInIndex = 0; path = Bitcask.framework; sourceTree = BUILT_PRODUCTS_DIR; };
		2A8D7CCE255E6D7B000DB3EB /* Bitcask.h */ = {isa = PBXFileReference; lastKnownFileType = sourcecode.c.h; path = Bitcask.h; sourceTree = "<group>"; };
		2A8D7CCF255E6D7B000DB3EB /* Info.plist */ = {isa = PBXFileReference; lastKnownFileType = text.plist.xml; path = Info.plist; sourceTree = "<group>"; };
		2A8D7CD4255E6D7B000DB3EB /* BitcaskTests.xctest */ = {isa = PBXFileReference; explicitFileType = wrapper.cfbundle; includeInIndex = 0; path = BitcaskTests.xctest; sourceTree = BUILT_PRODUCTS_DIR; };
		2A8D7CD9255E6D7B000DB3EB /* BitcaskTests.m */ = {isa = PBXFileReference; lastKnownFileType = sourcecode.c.objc; path = BitcaskTests.m; sourceTree = "<group>"; };
		2A8D7CDB255E6D7B000DB3EB /* Info.plist */ = {isa = PBXFileReference; lastKnownFileType = text.plist.xml; path = Info.plist; sourceTree = "<group>"; };
		2A8D7CE5255E6DC2000DB3EB /* BitcaskDB.h */ = {isa = PBXFileReference; lastKnownFileType = sourcecode.c.h; path = BitcaskDB.h; sourceTree = "<group>"; };
		2A8D7CE6255E6DC2000DB3EB /* BitcaskDB.m */ = {isa = PBXFileReference; lastKnownFileType = sourcecode.c.objc; path = BitcaskDB.m; sourceTree = "<group>"; };
		2AF7DEBD2560D795007064B7 /* CRC32Data.h */ = {isa = PBXFileReference; fileEncoding = 4; lastKnownFileType = sourcecode.c.h; path = CRC32Data.h; sourceTree = "<group>"; };
		2AF7DEBE2560D796007064B7 /* CRC32Data.m */ = {isa = PBXFileReference; fileEncoding = 4; lastKnownFileType = sourcecode.c.objc; path = CRC32Data.m; sourceTree = "<group>"; };
		2AF7DEC12560DAFA007064B7 /* Bucket.h */ = {isa = PBXFileReference; lastKnownFileType = sourcecode.c.h; path = Bucket.h; sourceTree = "<group>"; };
		2AF7DEC22560DAFA007064B7 /* Bucket.m */ = {isa = PBXFileReference; lastKnownFileType = sourcecode.c.objc; path = Bucket.m; sourceTree = "<group>"; };
		2AF7DECB2560DFCE007064B7 /* BitcaskDB_Private.h */ = {isa = PBXFileReference; lastKnownFileType = sourcecode.c.h; path = BitcaskDB_Private.h; sourceTree = "<group>"; };
/* End PBXFileReference section */

/* Begin PBXFrameworksBuildPhase section */
		2A8D7CC7255E6D7B000DB3EB /* Frameworks */ = {
			isa = PBXFrameworksBuildPhase;
			buildActionMask = 2147483647;
			files = (
			);
			runOnlyForDeploymentPostprocessing = 0;
		};
		2A8D7CD1255E6D7B000DB3EB /* Frameworks */ = {
			isa = PBXFrameworksBuildPhase;
			buildActionMask = 2147483647;
			files = (
				2A8D7CD5255E6D7B000DB3EB /* Bitcask.framework in Frameworks */,
			);
			runOnlyForDeploymentPostprocessing = 0;
		};
/* End PBXFrameworksBuildPhase section */

/* Begin PBXGroup section */
		2A8D7CC1255E6D7B000DB3EB = {
			isa = PBXGroup;
			children = (
				2A8D7CCD255E6D7B000DB3EB /* Bitcask */,
				2A8D7CD8255E6D7B000DB3EB /* BitcaskTests */,
				2A8D7CCC255E6D7B000DB3EB /* Products */,
			);
			sourceTree = "<group>";
		};
		2A8D7CCC255E6D7B000DB3EB /* Products */ = {
			isa = PBXGroup;
			children = (
				2A8D7CCB255E6D7B000DB3EB /* Bitcask.framework */,
				2A8D7CD4255E6D7B000DB3EB /* BitcaskTests.xctest */,
			);
			name = Products;
			sourceTree = "<group>";
		};
		2A8D7CCD255E6D7B000DB3EB /* Bitcask */ = {
			isa = PBXGroup;
			children = (
				2A8D7CCE255E6D7B000DB3EB /* Bitcask.h */,
				2A8D7CCF255E6D7B000DB3EB /* Info.plist */,
				2A8D7CE5255E6DC2000DB3EB /* BitcaskDB.h */,
				2A8D7CE6255E6DC2000DB3EB /* BitcaskDB.m */,
				2AF7DEC12560DAFA007064B7 /* Bucket.h */,
				2AF7DEC22560DAFA007064B7 /* Bucket.m */,
				2A1A5A572560279E007F563A /* DataFile.h */,
				2A1A5A582560279E007F563A /* DataFile.m */,
				2AF7DEBD2560D795007064B7 /* CRC32Data.h */,
				2AF7DEBE2560D796007064B7 /* CRC32Data.m */,
				2AF7DECB2560DFCE007064B7 /* BitcaskDB_Private.h */,
			);
			path = Bitcask;
			sourceTree = "<group>";
		};
		2A8D7CD8255E6D7B000DB3EB /* BitcaskTests */ = {
			isa = PBXGroup;
			children = (
				2A8D7CD9255E6D7B000DB3EB /* BitcaskTests.m */,
				2A8D7CDB255E6D7B000DB3EB /* Info.plist */,
			);
			path = BitcaskTests;
			sourceTree = "<group>";
		};
/* End PBXGroup section */

/* Begin PBXHeadersBuildPhase section */
		2A8D7CC8255E6D7B000DB3EB /* Headers */ = {
			isa = PBXHeadersBuildPhase;
			buildActionMask = 2147483647;
			files = (
				2AF7DECC2560DFCE007064B7 /* BitcaskDB_Private.h in Headers */,
				2AF7DEC32560DAFA007064B7 /* Bucket.h in Headers */,
				2A8D7CDC255E6D7B000DB3EB /* Bitcask.h in Headers */,
				2A8D7CE7255E6DC2000DB3EB /* BitcaskDB.h in Headers */,
				2A1A5A592560279E007F563A /* DataFile.h in Headers */,
				2AF7DEBF2560D796007064B7 /* CRC32Data.h in Headers */,
			);
			runOnlyForDeploymentPostprocessing = 0;
		};
/* End PBXHeadersBuildPhase section */

/* Begin PBXNativeTarget section */
		2A8D7CCA255E6D7B000DB3EB /* Bitcask */ = {
			isa = PBXNativeTarget;
			buildConfigurationList = 2A8D7CDF255E6D7B000DB3EB /* Build configuration list for PBXNativeTarget "Bitcask" */;
			buildPhases = (
				2A8D7CC6255E6D7B000DB3EB /* Sources */,
				2A8D7CC7255E6D7B000DB3EB /* Frameworks */,
				2A8D7CC8255E6D7B000DB3EB /* Headers */,
				2A8D7CC9255E6D7B000DB3EB /* Resources */,
			);
			buildRules = (
			);
			dependencies = (
			);
			name = Bitcask;
			productName = Bitcask;
			productReference = 2A8D7CCB255E6D7B000DB3EB /* Bitcask.framework */;
			productType = "com.apple.product-type.framework";
		};
		2A8D7CD3255E6D7B000DB3EB /* BitcaskTests */ = {
			isa = PBXNativeTarget;
			buildConfigurationList = 2A8D7CE2255E6D7B000DB3EB /* Build configuration list for PBXNativeTarget "BitcaskTests" */;
			buildPhases = (
				2A8D7CD0255E6D7B000DB3EB /* Sources */,
				2A8D7CD1255E6D7B000DB3EB /* Frameworks */,
				2A8D7CD2255E6D7B000DB3EB /* Resources */,
			);
			buildRules = (
			);
			dependencies = (
				2A8D7CD7255E6D7B000DB3EB /* PBXTargetDependency */,
			);
			name = BitcaskTests;
			productName = BitcaskTests;
			productReference = 2A8D7CD4255E6D7B000DB3EB /* BitcaskTests.xctest */;
			productType = "com.apple.product-type.bundle.unit-test";
		};
/* End PBXNativeTarget section */

/* Begin PBXProject section */
		2A8D7CC2255E6D7B000DB3EB /* Project object */ = {
			isa = PBXProject;
			attributes = {
				LastUpgradeCheck = 0920;
				ORGANIZATIONNAME = suchang;
				TargetAttributes = {
					2A8D7CCA255E6D7B000DB3EB = {
						CreatedOnToolsVersion = 9.2;
						ProvisioningStyle = Automatic;
					};
					2A8D7CD3255E6D7B000DB3EB = {
						CreatedOnToolsVersion = 9.2;
						ProvisioningStyle = Automatic;
					};
				};
			};
			buildConfigurationList = 2A8D7CC5255E6D7B000DB3EB /* Build configuration list for PBXProject "Bitcask" */;
			compatibilityVersion = "Xcode 8.0";
			developmentRegion = en;
			hasScannedForEncodings = 0;
			knownRegions = (
				en,
			);
			mainGroup = 2A8D7CC1255E6D7B000DB3EB;
			productRefGroup = 2A8D7CCC255E6D7B000DB3EB /* Products */;
			projectDirPath = "";
			projectRoot = "";
			targets = (
				2A8D7CCA255E6D7B000DB3EB /* Bitcask */,
				2A8D7CD3255E6D7B000DB3EB /* BitcaskTests */,
			);
		};
/* End PBXProject section */

/* Begin PBXResourcesBuildPhase section */
		2A8D7CC9255E6D7B000DB3EB /* Resources */ = {
			isa = PBXResourcesBuildPhase;
			buildActionMask = 2147483647;
			files = (
			);
			runOnlyForDeploymentPostprocessing = 0;
		};
		2A8D7CD2255E6D7B000DB3EB /* Resources */ = {
			isa = PBXResourcesBuildPhase;
			buildActionMask = 2147483647;
			files = (
			);
			runOnlyForDeploymentPostprocessing = 0;
		};
/* End PBXResourcesBuildPhase section */

/* Begin PBXSourcesBuildPhase section */
		2A8D7CC6255E6D7B000DB3EB /* Sources */ = {
			isa = PBXSourcesBuildPhase;
			buildActionMask = 2147483647;
			files = (
				2AF7DEC02560D796007064B7 /* CRC32Data.m in Sources */,
				2AF7DEC42560DAFA007064B7 /* Bucket.m in Sources */,
				2A8D7CE8255E6DC2000DB3EB /* BitcaskDB.m in Sources */,
				2A1A5A5A2560279E007F563A /* DataFile.m in Sources */,
			);
			runOnlyForDeploymentPostprocessing = 0;
		};
		2A8D7CD0255E6D7B000DB3EB /* Sources */ = {
			isa = PBXSourcesBuildPhase;
			buildActionMask = 2147483647;
			files = (
				2A8D7CDA255E6D7B000DB3EB /* BitcaskTests.m in Sources */,
			);
			runOnlyForDeploymentPostprocessing = 0;
		};
/* End PBXSourcesBuildPhase section */

/* Begin PBXTargetDependency section */
		2A8D7CD7255E6D7B000DB3EB /* PBXTargetDependency */ = {
			isa = PBXTargetDependency;
			target = 2A8D7CCA255E6D7B000DB3EB /* Bitcask */;
			targetProxy = 2A8D7CD6255E6D7B000DB3EB /* PBXContainerItemProxy */;
		};
/* End PBXTargetDependency section */

/* Begin XCBuildConfiguration section */
		2A8D7CDD255E6D7B000DB3EB /* Debug */ = {
			isa = XCBuildConfiguration;
			buildSettings = {
				ALWAYS_SEARCH_USER_PATHS = NO;
				CLANG_ANALYZER_NONNULL = YES;
				CLANG_ANALYZER_NUMBER_OBJECT_CONVERSION = YES_AGGRESSIVE;
				CLANG_CXX_LANGUAGE_STANDARD = "gnu++14";
				CLANG_CXX_LIBRARY = "libc++";
				CLANG_ENABLE_MODULES = YES;
				CLANG_ENABLE_OBJC_ARC = YES;
				CLANG_WARN_BLOCK_CAPTURE_AUTORELEASING = YES;
				CLANG_WARN_BOOL_CONVERSION = YES;
				CLANG_WARN_COMMA = YES;
				CLANG_WARN_CONSTANT_CONVERSION = YES;
				CLANG_WARN_DIRECT_OBJC_ISA_USAGE = YES_ERROR;
				CLANG_WARN_DOCUMENTATION_COMMENTS = YES;
				CLANG_WARN_EMPTY_BODY = YES;
				CLANG_WARN_ENUM_CONVERSION = YES;
				CLANG_WARN_INFINITE_RECURSION = YES;
				CLANG_WARN_INT_CONVERSION = YES;
				CLANG_WARN_NON_LITERAL_NULL_CONVERSION = YES;
				CLANG_WARN_OBJC_LITERAL_CONVERSION = YES;
				CLANG_WARN_OBJC_ROOT_CLASS = YES_ERROR;
				CLANG_WARN_RANGE_LOOP_ANALYSIS = YES;
				CLANG_WARN_STRICT_PROTOTYPES = YES;
				CLANG_WARN_SUSPICIOUS_MOVE = YES;
				CLANG_WARN_UNGUARDED_AVAILABILITY = YES_AGGRESSIVE;
				CLANG_WARN_UNREACHABLE_CODE = YES;
				CLANG_WARN__DUPLICATE_METHOD_MATCH = YES;
				CODE_SIGN_IDENTITY = "iPhone Developer";
				COPY_PHASE_STRIP = NO;
				CURRENT_PROJECT_VERSION = 1;
				DEBUG_INFORMATION_FORMAT = dwarf;
				ENABLE_STRICT_OBJC_MSGSEND = YES;
				ENABLE_TESTABILITY = YES;
				GCC_C_LANGUAGE_STANDARD = gnu11;
				GCC_DYNAMIC_NO_PIC = NO;
				GCC_NO_COMMON_BLOCKS = YES;
				GCC_OPTIMIZATION_LEVEL = 0;
				GCC_PREPROCESSOR_DEFINITIONS = (
					"DEBUG=1",
					"$(inherited)",
				);
				GCC_WARN_64_TO_32_BIT_CONVERSION = YES;
				GCC_WARN_ABOUT_RETURN_TYPE = YES_ERROR;
				GCC_WARN_UNDECLARED_SELECTOR = YES;
				GCC_WARN_UNINITIALIZED_AUTOS = YES_AGGRESSIVE;
				GCC_WARN_UNUSED_FUNCTION = YES;
				GCC_WARN_UNUSED_VARIABLE = YES;
				IPHONEOS_DEPLOYMENT_TARGET = 11.2;
				MTL_ENABLE_DEBUG_INFO = YES;
				ONLY_ACTIVE_ARCH = YES;
				SDKROOT = iphoneos;
				VERSIONING_SYSTEM = "apple-generic";
				VERSION_INFO_PREFIX = "";
			};
			name = Debug;
		};
		2A8D7CDE255E6D7B000DB3EB /* Release */ = {
			isa = XCBuildConfiguration;
			buildSettings = {
				ALWAYS_SEARCH_USER_PATHS = NO;
				CLANG_ANALYZER_NONNULL = YES;
				CLANG_ANALYZER_NUMBER_OBJECT_CONVERSION = YES_AGGRESSIVE;
				CLANG_CXX_LANGUAGE_STANDARD = "gnu++14";
				CLANG_CXX_LIBRARY = "libc++";
				CLANG_ENABLE_MODULES = YES;
				CLANG_ENABLE_OBJC_ARC = YES;
				CLANG_WARN_BLOCK_CAPTURE_AUTORELEASING = YES;
				CLANG_WARN_BOOL_CONVERSION = YES;
				CLANG_WARN_COMMA = YES;
				CLANG_WARN_CONSTANT_CONVERSION = YES;
				CLANG_WARN_DIRECT_OBJC_ISA_USAGE = YES_ERROR;
				CLANG_WARN_DOCUMENTATION_COMMENTS = YES;
				CLANG_WARN_EMPTY_BODY = YES;
				CLANG_WARN_ENUM_CONVERSION = YES;
				CLANG_WARN_INFINITE_RECURSION = YES;
				CLANG_WARN_INT_CONVERSION = YES;
				CLANG_WARN_NON_LITERAL_NULL_CONVERSION = YES;
				CLANG_WARN_OBJC_LITERAL_CONVERSION = YES;
				CLANG_WARN_OBJC_ROOT_CLASS = YES_ERROR;
				CLANG_WARN_RANGE_LOOP_ANALYSIS = YES;
				CLANG_WARN_STRICT_PROTOTYPES = YES;
				CLANG_WARN_SUSPICIOUS_MOVE = YES;
				CLANG_WARN_UNGUARDED_AVAILABILITY = YES_AGGRESSIVE;
				CLANG_WARN_UNREACHABLE_CODE = YES;
				CLANG_WARN__DUPLICATE_METHOD_MATCH = YES;
				CODE_SIGN_IDENTITY = "iPhone Developer";
				COPY_PHASE_STRIP = NO;
				CURRENT_PROJECT_VERSION = 1;
				DEBUG_INFORMATION_FORMAT = "dwarf-with-dsym";
				ENABLE_NS_ASSERTIONS = NO;
				ENABLE_STRICT_OBJC_MSGSEND = YES;
				GCC_C_LANGUAGE_STANDARD = gnu11;
				GCC_NO_COMMON_BLOCKS = YES;
				GCC_WARN_64_TO_32_BIT_CONVERSION = YES;
				GCC_WARN_ABOUT_RETURN_TYPE = YES_ERROR;
				GCC_WARN_UNDECLARED_SELECTOR = YES;
				GCC_WARN_UNINITIALIZED_AUTOS = YES_AGGRESSIVE;
				GCC_WARN_UNUSED_FUNCTION = YES;
				GCC_WARN_UNUSED_VARIABLE = YES;
				IPHONEOS_DEPLOYMENT_TARGET = 11.2;
				MTL_ENABLE_DEBUG_INFO = NO;
				SDKROOT = iphoneos;
				VALIDATE_PRODUCT = YES;
				VERSIONING_SYSTEM = "apple-generic";
				VERSION_INFO_PREFIX = "";
			};
			name = Release;
		};
		2A8D7CE0255E6D7B000DB3EB /* Debug */ = {
			isa = XCBuildConfiguration;
			buildSettings = {
				CODE_SIGN_IDENTITY = "";
				CODE_SIGN_STYLE = Automatic;
				DEFINES_MODULE = YES;
				DYLIB_COMPATIBILITY_VERSION = 1;
				DYLIB_CURRENT_VERSION = 1;
				DYLIB_INSTALL_NAME_BASE = "@rpath";
				INFOPLIST_FILE = Bitcask/Info.plist;
				INSTALL_PATH = "$(LOCAL_LIBRARY_DIR)/Frameworks";
				LD_RUNPATH_SEARCH_PATHS = "$(inherited) @executable_path/Frameworks @loader_path/Frameworks";
				PRODUCT_BUNDLE_IDENTIFIER = suchang.net.Bitcask;
				PRODUCT_NAME = "$(TARGET_NAME:c99extidentifier)";
				SKIP_INSTALL = YES;
				TARGETED_DEVICE_FAMILY = "1,2";
			};
			name = Debug;
		};
		2A8D7CE1255E6D7B000DB3EB /* Release */ = {
			isa = XCBuildConfiguration;
			buildSettings = {
				CODE_SIGN_IDENTITY = "";
				CODE_SIGN_STYLE = Automatic;
				DEFINES_MODULE = YES;
				DYLIB_COMPATIBILITY_VERSION = 1;
				DYLIB_CURRENT_VERSION = 1;
				DYLIB_INSTALL_NAME_BASE = "@rpath";
				INFOPLIST_FILE = Bitcask/Info.plist;
				INSTALL_PATH = "$(LOCAL_LIBRARY_DIR)/Frameworks";
				LD_RUNPATH_SEARCH_PATHS = "$(inherited) @executable_path/Frameworks @loader_path/Frameworks";
				PRODUCT_BUNDLE_IDENTIFIER = suchang.net.Bitcask;
				PRODUCT_NAME = "$(TARGET_NAME:c99extidentifier)";
				SKIP_INSTALL = YES;
				TARGETED_DEVICE_FAMILY = "1,2";
			};
			name = Release;
		};
		2A8D7CE3255E6D7B000DB3EB /* Debug */ = {
			isa = XCBuildConfiguration;
			buildSettings = {
				CODE_SIGN_STYLE = Automatic;
				INFOPLIST_FILE = BitcaskTests/Info.plist;
				LD_RUNPATH_SEARCH_PATHS = "$(inherited) @executable_path/Frameworks @loader_path/Frameworks";
				PRODUCT_BUNDLE_IDENTIFIER = suchang.net.BitcaskTests;
				PRODUCT_NAME = "$(TARGET_NAME)";
				TARGETED_DEVICE_FAMILY = "1,2";
			};
			name = Debug;
		};
		2A8D7CE4255E6D7B000DB3EB /* Release */ = {
			isa = XCBuildConfiguration;
			buildSettings = {
				CODE_SIGN_STYLE = Automatic;
				INFOPLIST_FILE = BitcaskTests/Info.plist;
				LD_RUNPATH_SEARCH_PATHS = "$(inherited) @executable_path/Frameworks @loader_path/Frameworks";
				PRODUCT_BUNDLE_IDENTIFIER = suchang.net.BitcaskTests;
				PRODUCT_NAME = "$(TARGET_NAME)";
				TARGETED_DEVICE_FAMILY = "1,2";
			};
			name = Release;
		};
/* End XCBuildConfiguration section */

/* Begin XCConfigurationList section */
		2A8D7CC5255E6D7B000DB3EB /* Build configuration list for PBXProject "Bitcask" */ = {
			isa = XCConfigurationList;
			buildConfigurations = (
				2A8D7CDD255E6D7B000DB3EB /* Debug */,
				2A8D7CDE255E6D7B000DB3EB /* Release */,
			);
			defaultConfigurationIsVisible = 0;
			defaultConfigurationName = Release;
		};
		2A8D7CDF255E6D7B000DB3EB /* Build configuration list for PBXNativeTarget "Bitcask" */ = {
			isa = XCConfigurationList;
			buildConfigurations = (
				2A8D7CE0255E6D7B000DB3EB /* Debug */,
				2A8D7CE1255E6D7B000DB3EB /* Release */,
			);
			defaultConfigurationIsVisible = 0;
			defaultConfigurationName = Release;
		};
		2A8D7CE2255E6D7B000DB3EB /* Build configuration list for PBXNativeTarget "BitcaskTests" */ = {
			isa = XCConfigurationList;
			buildConfigurations = (
				2A8D7CE3255E6D7B000DB3EB /* Debug */,
				2A8D7CE4255E6D7B000DB3EB /* Release */,
			);
			defaultConfigurationIsVisible = 0;
			defaultConfigurationName = Release;
		};
/* End XCConfigurationList section */
	};
	rootObject = 2A8D7CC2255E6D7B000DB3EB /* Project object */;
}
